
Microsoft Visual Studio Solution File, Format Version 12.00
# Visual Studio Version 16
VisualStudioVersion = 16.0.809.10
MinimumVisualStudioVersion = 10.0.40219.1
Project("{FAE04EC0-301F-11D3-BF4B-00C04F79EFBC}") = "ArduinoAPI", "ArduinoAPI\ArduinoAPI.csproj", "{E4182867-FA4C-4FDF-891D-4E54B02D30B3}"
EndProject
Global
	GlobalSection(SolutionConfigurationPlatforms) = preSolution
		Debug|Any CPU = Debug|Any CPU
		Release|Any CPU = Release|Any CPU
	EndGlobalSection
	GlobalSection(ProjectConfigurationPlatforms) = postSolution
		{E4182867-FA4C-4FDF-891D-4E54B02D30B3}.Debug|Any CPU.ActiveCfg = Debug|Any CPU
		{E4182867-FA4C-4FDF-891D-4E54B02D30B3}.Debug|Any CPU.Build.0 = Debug|Any CPU
		{E4182867-FA4C-4FDF-891D-4E54B02D30B3}.Release|Any CPU.ActiveCfg = Release|Any CPU
		{E4182867-FA4C-4FDF-891D-4E54B02D30B3}.Release|Any CPU.Build.0 = Release|Any CPU
	EndGlobalSection
	GlobalSection(SolutionProperties) = preSolution
		HideSolutionNode = FALSE
	EndGlobalSection
	GlobalSection(ExtensibilityGlobals) = postSolution
		SolutionGuid = {D13D9975-3E0A-4BF4-9D20-EA403AC31771}
	EndGlobalSection
EndGlobal
